<?xml version="1.0" encoding="UTF-8"?>
<!DOCTYPE plist PUBLIC "-//Apple//DTD PLIST 1.0//EN" "http://www.apple.com/DTDs/PropertyList-1.0.dtd">
<plist version="1.0">
<dict>
	<key>archiveVersion</key>
	<string>1</string>
	<key>classes</key>
	<dict/>
	<key>objectVersion</key>
	<string>46</string>
	<key>objects</key>
	<dict>
		<key>1D1392E74A5D9364EA4B4E16</key>
		<dict>
			<key>buildActionMask</key>
			<string>2147483647</string>
			<key>files</key>
			<array/>
			<key>inputPaths</key>
			<array/>
			<key>isa</key>
			<string>PBXShellScriptBuildPhase</string>
			<key>name</key>
			<string>Check Pods Manifest.lock</string>
			<key>outputPaths</key>
			<array/>
			<key>runOnlyForDeploymentPostprocessing</key>
			<string>0</string>
			<key>shellPath</key>
			<string>/bin/sh</string>
			<key>shellScript</key>
			<string>diff "${PODS_ROOT}/../Podfile.lock" "${PODS_ROOT}/Manifest.lock" &gt; /dev/null
if [[ $? != 0 ]] ; then
    cat &lt;&lt; EOM
error: The sandbox is not in sync with the Podfile.lock. Run 'pod install' or update your CocoaPods installation.
EOM
    exit 1
fi
</string>
			<key>showEnvVarsInLog</key>
			<string>0</string>
		</dict>
		<key>237219C34D66EF29AD15A2C1</key>
		<dict>
			<key>buildActionMask</key>
			<string>2147483647</string>
			<key>files</key>
			<array/>
			<key>inputPaths</key>
			<array/>
			<key>isa</key>
			<string>PBXShellScriptBuildPhase</string>
			<key>name</key>
			<string>Copy Pods Resources</string>
			<key>outputPaths</key>
			<array/>
			<key>runOnlyForDeploymentPostprocessing</key>
			<string>0</string>
			<key>shellPath</key>
			<string>/bin/sh</string>
			<key>shellScript</key>
			<string>"${SRCROOT}/Pods/Target Support Files/Pods-WeCitizensTests/Pods-WeCitizensTests-resources.sh"
</string>
			<key>showEnvVarsInLog</key>
			<string>0</string>
		</dict>
		<key>29B24B36200521B74E542F66</key>
		<dict>
			<key>children</key>
			<array>
				<string>E72C16E21C858ECB00E871B0</string>
				<string>C00EF4F5FD18FD3D56313662</string>
				<string>5ADB609FD42020FAFCBC787D</string>
				<string>7C473DA3E7D18BFBEF6516DE</string>
			</array>
			<key>isa</key>
			<string>PBXGroup</string>
			<key>name</key>
			<string>Frameworks</string>
			<key>sourceTree</key>
			<string>&lt;group&gt;</string>
		</dict>
		<key>2FE2C69AB00E5178774391DD</key>
		<dict>
			<key>includeInIndex</key>
			<string>1</string>
			<key>isa</key>
			<string>PBXFileReference</string>
			<key>lastKnownFileType</key>
			<string>text.xcconfig</string>
			<key>name</key>
			<string>Pods-WeCitizens.debug.xcconfig</string>
			<key>path</key>
			<string>Pods/Target Support Files/Pods-WeCitizens/Pods-WeCitizens.debug.xcconfig</string>
			<key>sourceTree</key>
			<string>&lt;group&gt;</string>
		</dict>
		<key>307254F7264C8855AC789F93</key>
		<dict>
			<key>buildActionMask</key>
			<string>2147483647</string>
			<key>files</key>
			<array/>
			<key>inputPaths</key>
			<array/>
			<key>isa</key>
			<string>PBXShellScriptBuildPhase</string>
			<key>name</key>
			<string>Copy Pods Resources</string>
			<key>outputPaths</key>
			<array/>
			<key>runOnlyForDeploymentPostprocessing</key>
			<string>0</string>
			<key>shellPath</key>
			<string>/bin/sh</string>
			<key>shellScript</key>
			<string>"${SRCROOT}/Pods/Target Support Files/Pods-WeCitizensUITests/Pods-WeCitizensUITests-resources.sh"
</string>
			<key>showEnvVarsInLog</key>
			<string>0</string>
		</dict>
		<key>3120FFAF3AF3493763EF0DBE</key>
		<dict>
			<key>buildActionMask</key>
			<string>2147483647</string>
			<key>files</key>
			<array/>
			<key>inputPaths</key>
			<array/>
			<key>isa</key>
			<string>PBXShellScriptBuildPhase</string>
			<key>name</key>
			<string>Embed Pods Frameworks</string>
			<key>outputPaths</key>
			<array/>
			<key>runOnlyForDeploymentPostprocessing</key>
			<string>0</string>
			<key>shellPath</key>
			<string>/bin/sh</string>
			<key>shellScript</key>
			<string>"${SRCROOT}/Pods/Target Support Files/Pods-WeCitizens/Pods-WeCitizens-frameworks.sh"
</string>
			<key>showEnvVarsInLog</key>
			<string>0</string>
		</dict>
		<key>5ADB609FD42020FAFCBC787D</key>
		<dict>
			<key>explicitFileType</key>
			<string>wrapper.framework</string>
			<key>includeInIndex</key>
			<string>0</string>
			<key>isa</key>
			<string>PBXFileReference</string>
			<key>path</key>
			<string>Pods_WeCitizensTests.framework</string>
			<key>sourceTree</key>
			<string>BUILT_PRODUCTS_DIR</string>
		</dict>
		<key>6E9922060424804DAE31D738</key>
		<dict>
			<key>includeInIndex</key>
			<string>1</string>
			<key>isa</key>
			<string>PBXFileReference</string>
			<key>lastKnownFileType</key>
			<string>text.xcconfig</string>
			<key>name</key>
			<string>Pods-WeCitizensUITests.debug.xcconfig</string>
			<key>path</key>
			<string>Pods/Target Support Files/Pods-WeCitizensUITests/Pods-WeCitizensUITests.debug.xcconfig</string>
			<key>sourceTree</key>
			<string>&lt;group&gt;</string>
		</dict>
		<key>727EDF8FAB2E9AA7471BBFFF</key>
		<dict>
			<key>buildActionMask</key>
			<string>2147483647</string>
			<key>files</key>
			<array/>
			<key>inputPaths</key>
			<array/>
			<key>isa</key>
			<string>PBXShellScriptBuildPhase</string>
			<key>name</key>
			<string>Check Pods Manifest.lock</string>
			<key>outputPaths</key>
			<array/>
			<key>runOnlyForDeploymentPostprocessing</key>
			<string>0</string>
			<key>shellPath</key>
			<string>/bin/sh</string>
			<key>shellScript</key>
			<string>diff "${PODS_ROOT}/../Podfile.lock" "${PODS_ROOT}/Manifest.lock" &gt; /dev/null
if [[ $? != 0 ]] ; then
    cat &lt;&lt; EOM
error: The sandbox is not in sync with the Podfile.lock. Run 'pod install' or update your CocoaPods installation.
EOM
    exit 1
fi
</string>
			<key>showEnvVarsInLog</key>
			<string>0</string>
		</dict>
		<key>73E05D9DD10E28D075983F6B</key>
		<dict>
			<key>includeInIndex</key>
			<string>1</string>
			<key>isa</key>
			<string>PBXFileReference</string>
			<key>lastKnownFileType</key>
			<string>text.xcconfig</string>
			<key>name</key>
			<string>Pods-WeCitizensTests.debug.xcconfig</string>
			<key>path</key>
			<string>Pods/Target Support Files/Pods-WeCitizensTests/Pods-WeCitizensTests.debug.xcconfig</string>
			<key>sourceTree</key>
			<string>&lt;group&gt;</string>
		</dict>
		<key>73EEB4FC32E4A64303ADC6C5</key>
		<dict>
			<key>buildActionMask</key>
			<string>2147483647</string>
			<key>files</key>
			<array/>
			<key>inputPaths</key>
			<array/>
			<key>isa</key>
			<string>PBXShellScriptBuildPhase</string>
			<key>name</key>
			<string>Copy Pods Resources</string>
			<key>outputPaths</key>
			<array/>
			<key>runOnlyForDeploymentPostprocessing</key>
			<string>0</string>
			<key>shellPath</key>
			<string>/bin/sh</string>
			<key>shellScript</key>
			<string>"${SRCROOT}/Pods/Target Support Files/Pods-WeCitizens/Pods-WeCitizens-resources.sh"
</string>
			<key>showEnvVarsInLog</key>
			<string>0</string>
		</dict>
		<key>7C473DA3E7D18BFBEF6516DE</key>
		<dict>
			<key>explicitFileType</key>
			<string>wrapper.framework</string>
			<key>includeInIndex</key>
			<string>0</string>
			<key>isa</key>
			<string>PBXFileReference</string>
			<key>path</key>
			<string>Pods_WeCitizensUITests.framework</string>
			<key>sourceTree</key>
			<string>BUILT_PRODUCTS_DIR</string>
		</dict>
		<key>9C6FBB46915541B979D42DA6</key>
		<dict>
			<key>fileRef</key>
			<string>7C473DA3E7D18BFBEF6516DE</string>
			<key>isa</key>
			<string>PBXBuildFile</string>
		</dict>
		<key>A422D3671CA8326A0021D9FF</key>
		<dict>
			<key>fileEncoding</key>
			<string>4</string>
			<key>isa</key>
			<string>PBXFileReference</string>
			<key>lastKnownFileType</key>
			<string>sourcecode.swift</string>
			<key>path</key>
			<string>VoiceModel.swift</string>
			<key>sourceTree</key>
			<string>&lt;group&gt;</string>
		</dict>
		<key>A422D3681CA8326A0021D9FF</key>
		<dict>
			<key>fileRef</key>
			<string>A422D3671CA8326A0021D9FF</string>
			<key>isa</key>
			<string>PBXBuildFile</string>
		</dict>
		<key>A422D3691CA8326A0021D9FF</key>
		<dict>
			<key>fileRef</key>
			<string>A422D3671CA8326A0021D9FF</string>
			<key>isa</key>
			<string>PBXBuildFile</string>
		</dict>
		<key>A422D36A1CA832760021D9FF</key>
		<dict>
			<key>fileEncoding</key>
			<string>4</string>
			<key>isa</key>
			<string>PBXFileReference</string>
			<key>lastKnownFileType</key>
			<string>sourcecode.swift</string>
			<key>path</key>
			<string>ReplyModel.swift</string>
			<key>sourceTree</key>
			<string>&lt;group&gt;</string>
		</dict>
		<key>A422D36B1CA832760021D9FF</key>
		<dict>
			<key>fileRef</key>
			<string>A422D36A1CA832760021D9FF</string>
			<key>isa</key>
			<string>PBXBuildFile</string>
		</dict>
		<key>A422D36C1CA832760021D9FF</key>
		<dict>
			<key>fileRef</key>
			<string>A422D36A1CA832760021D9FF</string>
			<key>isa</key>
			<string>PBXBuildFile</string>
		</dict>
		<key>A422D36D1CA832950021D9FF</key>
		<dict>
			<key>fileEncoding</key>
			<string>4</string>
			<key>isa</key>
			<string>PBXFileReference</string>
			<key>lastKnownFileType</key>
			<string>sourcecode.swift</string>
			<key>path</key>
			<string>CommentModel.swift</string>
			<key>sourceTree</key>
			<string>&lt;group&gt;</string>
		</dict>
		<key>A422D36E1CA832950021D9FF</key>
		<dict>
			<key>fileRef</key>
			<string>A422D36D1CA832950021D9FF</string>
			<key>isa</key>
			<string>PBXBuildFile</string>
		</dict>
		<key>A422D36F1CA832950021D9FF</key>
		<dict>
			<key>fileRef</key>
			<string>A422D36D1CA832950021D9FF</string>
			<key>isa</key>
			<string>PBXBuildFile</string>
		</dict>
		<key>A422D3701CA833760021D9FF</key>
		<dict>
			<key>fileEncoding</key>
			<string>4</string>
			<key>isa</key>
			<string>PBXFileReference</string>
			<key>lastKnownFileType</key>
			<string>sourcecode.swift</string>
			<key>path</key>
			<string>CityModel.swift</string>
			<key>sourceTree</key>
			<string>&lt;group&gt;</string>
		</dict>
		<key>A422D3711CA833760021D9FF</key>
		<dict>
			<key>fileRef</key>
			<string>A422D3701CA833760021D9FF</string>
			<key>isa</key>
			<string>PBXBuildFile</string>
		</dict>
		<key>A422D3721CA833760021D9FF</key>
		<dict>
			<key>fileRef</key>
			<string>A422D3701CA833760021D9FF</string>
			<key>isa</key>
			<string>PBXBuildFile</string>
		</dict>
		<key>A43CCCBB1C91C2FA00CDB782</key>
		<dict>
			<key>fileEncoding</key>
			<string>4</string>
			<key>isa</key>
			<string>PBXFileReference</string>
			<key>lastKnownFileType</key>
			<string>sourcecode.swift</string>
			<key>path</key>
			<string>UserModel.swift</string>
			<key>sourceTree</key>
			<string>&lt;group&gt;</string>
		</dict>
		<key>A43CCCBC1C91C2FA00CDB782</key>
		<dict>
			<key>fileRef</key>
			<string>A43CCCBB1C91C2FA00CDB782</string>
			<key>isa</key>
			<string>PBXBuildFile</string>
		</dict>
		<key>A43CCCBD1C91C2FA00CDB782</key>
		<dict>
			<key>fileRef</key>
			<string>A43CCCBB1C91C2FA00CDB782</string>
			<key>isa</key>
			<string>PBXBuildFile</string>
		</dict>
		<key>A4597DDD1C952A110069B317</key>
		<dict>
			<key>fileEncoding</key>
			<string>4</string>
			<key>isa</key>
			<string>PBXFileReference</string>
			<key>lastKnownFileType</key>
			<string>sourcecode.swift</string>
			<key>path</key>
			<string>CityBean.swift</string>
			<key>sourceTree</key>
			<string>&lt;group&gt;</string>
		</dict>
		<key>A4597DDE1C952A110069B317</key>
		<dict>
			<key>fileRef</key>
			<string>A4597DDD1C952A110069B317</string>
			<key>isa</key>
			<string>PBXBuildFile</string>
		</dict>
		<key>A4597DDF1C952A110069B317</key>
		<dict>
			<key>fileRef</key>
			<string>A4597DDD1C952A110069B317</string>
			<key>isa</key>
			<string>PBXBuildFile</string>
		</dict>
		<key>A4597DE01C9555B60069B317</key>
		<dict>
			<key>fileEncoding</key>
			<string>4</string>
			<key>isa</key>
			<string>PBXFileReference</string>
			<key>lastKnownFileType</key>
			<string>sourcecode.swift</string>
			<key>path</key>
			<string>UserModelTests.swift</string>
			<key>sourceTree</key>
			<string>&lt;group&gt;</string>
		</dict>
		<key>A4597DE11C9555B60069B317</key>
		<dict>
			<key>fileRef</key>
			<string>A4597DE01C9555B60069B317</string>
			<key>isa</key>
			<string>PBXBuildFile</string>
		</dict>
		<key>A467EA151C7D4A270068880C</key>
		<dict>
			<key>children</key>
			<array>
				<string>A4D22B0C1C8854F900C200F2</string>
				<string>A43CCCBB1C91C2FA00CDB782</string>
				<string>A422D3671CA8326A0021D9FF</string>
				<string>A422D36A1CA832760021D9FF</string>
				<string>A422D36D1CA832950021D9FF</string>
				<string>A422D3701CA833760021D9FF</string>
			</array>
			<key>isa</key>
			<string>PBXGroup</string>
			<key>name</key>
			<string>DataModel</string>
			<key>sourceTree</key>
			<string>&lt;group&gt;</string>
		</dict>
		<key>A47D54441CC7DC5E00904EB0</key>
		<dict>
			<key>fileEncoding</key>
			<string>4</string>
			<key>isa</key>
			<string>PBXFileReference</string>
			<key>lastKnownFileType</key>
			<string>sourcecode.swift</string>
			<key>path</key>
			<string>LocationListTableViewController.swift</string>
			<key>sourceTree</key>
			<string>&lt;group&gt;</string>
		</dict>
		<key>A47D54451CC7DC5E00904EB0</key>
		<dict>
			<key>fileRef</key>
			<string>A47D54441CC7DC5E00904EB0</string>
			<key>isa</key>
			<string>PBXBuildFile</string>
		</dict>
		<key>A492DBF91C93D49100C93FE2</key>
		<dict>
			<key>fileEncoding</key>
			<string>4</string>
			<key>isa</key>
			<string>PBXFileReference</string>
			<key>lastKnownFileType</key>
			<string>sourcecode.swift</string>
			<key>path</key>
			<string>VoiceBean.swift</string>
			<key>sourceTree</key>
			<string>&lt;group&gt;</string>
		</dict>
		<key>A492DBFA1C93D49100C93FE2</key>
		<dict>
			<key>fileRef</key>
			<string>A492DBF91C93D49100C93FE2</string>
			<key>isa</key>
			<string>PBXBuildFile</string>
		</dict>
		<key>A492DBFB1C93D49100C93FE2</key>
		<dict>
			<key>fileRef</key>
			<string>A492DBF91C93D49100C93FE2</string>
			<key>isa</key>
			<string>PBXBuildFile</string>
		</dict>
		<key>A492DBFC1C93D4D900C93FE2</key>
		<dict>
			<key>fileEncoding</key>
			<string>4</string>
			<key>isa</key>
			<string>PBXFileReference</string>
			<key>lastKnownFileType</key>
			<string>sourcecode.swift</string>
			<key>path</key>
			<string>ReplyBean.swift</string>
			<key>sourceTree</key>
			<string>&lt;group&gt;</string>
		</dict>
		<key>A492DBFD1C93D4D900C93FE2</key>
		<dict>
			<key>fileRef</key>
			<string>A492DBFC1C93D4D900C93FE2</string>
			<key>isa</key>
			<string>PBXBuildFile</string>
		</dict>
		<key>A492DBFE1C93D4D900C93FE2</key>
		<dict>
			<key>fileRef</key>
			<string>A492DBFC1C93D4D900C93FE2</string>
			<key>isa</key>
			<string>PBXBuildFile</string>
		</dict>
		<key>A492DBFF1C94032900C93FE2</key>
		<dict>
			<key>fileEncoding</key>
			<string>4</string>
			<key>isa</key>
			<string>PBXFileReference</string>
			<key>lastKnownFileType</key>
			<string>sourcecode.swift</string>
			<key>path</key>
			<string>CommentBean.swift</string>
			<key>sourceTree</key>
			<string>&lt;group&gt;</string>
		</dict>
		<key>A492DC001C94032900C93FE2</key>
		<dict>
			<key>fileRef</key>
			<string>A492DBFF1C94032900C93FE2</string>
			<key>isa</key>
			<string>PBXBuildFile</string>
		</dict>
		<key>A492DC011C94032900C93FE2</key>
		<dict>
			<key>fileRef</key>
			<string>A492DBFF1C94032900C93FE2</string>
			<key>isa</key>
			<string>PBXBuildFile</string>
		</dict>
		<key>A49F8D251CA91B750084F7D8</key>
		<dict>
			<key>fileEncoding</key>
			<string>4</string>
			<key>isa</key>
			<string>PBXFileReference</string>
			<key>lastKnownFileType</key>
			<string>sourcecode.swift</string>
			<key>path</key>
			<string>Bean.swift</string>
			<key>sourceTree</key>
			<string>&lt;group&gt;</string>
		</dict>
		<key>A49F8D261CA91B750084F7D8</key>
		<dict>
			<key>fileRef</key>
			<string>A49F8D251CA91B750084F7D8</string>
			<key>isa</key>
			<string>PBXBuildFile</string>
		</dict>
		<key>A49F8D271CA91B750084F7D8</key>
		<dict>
			<key>fileRef</key>
			<string>A49F8D251CA91B750084F7D8</string>
			<key>isa</key>
			<string>PBXBuildFile</string>
		</dict>
		<key>A4B06A461CA96B6900603910</key>
		<dict>
			<key>fileEncoding</key>
			<string>4</string>
			<key>isa</key>
			<string>PBXFileReference</string>
			<key>lastKnownFileType</key>
			<string>sourcecode.swift</string>
			<key>path</key>
			<string>VoiceModelTests.swift</string>
			<key>sourceTree</key>
			<string>&lt;group&gt;</string>
		</dict>
		<key>A4B06A471CA96B6900603910</key>
		<dict>
			<key>fileRef</key>
			<string>A4B06A461CA96B6900603910</string>
			<key>isa</key>
			<string>PBXBuildFile</string>
		</dict>
		<key>A4B06A481CA96B7E00603910</key>
		<dict>
			<key>fileEncoding</key>
			<string>4</string>
			<key>isa</key>
			<string>PBXFileReference</string>
			<key>lastKnownFileType</key>
			<string>sourcecode.swift</string>
			<key>path</key>
			<string>ReplyModelTests.swift</string>
			<key>sourceTree</key>
			<string>&lt;group&gt;</string>
		</dict>
		<key>A4B06A491CA96B7E00603910</key>
		<dict>
			<key>fileRef</key>
			<string>A4B06A481CA96B7E00603910</string>
			<key>isa</key>
			<string>PBXBuildFile</string>
		</dict>
		<key>A4B06A4A1CA96B9500603910</key>
		<dict>
			<key>fileEncoding</key>
			<string>4</string>
			<key>isa</key>
			<string>PBXFileReference</string>
			<key>lastKnownFileType</key>
			<string>sourcecode.swift</string>
			<key>path</key>
			<string>CommentModelTests.swift</string>
			<key>sourceTree</key>
			<string>&lt;group&gt;</string>
		</dict>
		<key>A4B06A4B1CA96B9500603910</key>
		<dict>
			<key>fileRef</key>
			<string>A4B06A4A1CA96B9500603910</string>
			<key>isa</key>
			<string>PBXBuildFile</string>
		</dict>
		<key>A4B06A4C1CA96E3B00603910</key>
		<dict>
			<key>fileEncoding</key>
			<string>4</string>
			<key>isa</key>
			<string>PBXFileReference</string>
			<key>lastKnownFileType</key>
			<string>sourcecode.swift</string>
			<key>path</key>
			<string>CityModelTests.swift</string>
			<key>sourceTree</key>
			<string>&lt;group&gt;</string>
		</dict>
		<key>A4B06A4D1CA96E3B00603910</key>
		<dict>
			<key>fileRef</key>
			<string>A4B06A4C1CA96E3B00603910</string>
			<key>isa</key>
			<string>PBXBuildFile</string>
		</dict>
		<key>A4B5ABA01C97B08700350616</key>
		<dict>
			<key>fileEncoding</key>
			<string>4</string>
			<key>isa</key>
			<string>PBXFileReference</string>
			<key>lastKnownFileType</key>
			<string>sourcecode.swift</string>
			<key>path</key>
			<string>UserBean.swift</string>
			<key>sourceTree</key>
			<string>&lt;group&gt;</string>
		</dict>
		<key>A4B5ABA11C97B08700350616</key>
		<dict>
			<key>fileRef</key>
			<string>A4B5ABA01C97B08700350616</string>
			<key>isa</key>
			<string>PBXBuildFile</string>
		</dict>
		<key>A4B5ABA21C97B08700350616</key>
		<dict>
			<key>fileRef</key>
			<string>A4B5ABA01C97B08700350616</string>
			<key>isa</key>
			<string>PBXBuildFile</string>
		</dict>
		<key>A4CFD6681CB2A9160005FB7B</key>
		<dict>
			<key>fileEncoding</key>
			<string>4</string>
			<key>isa</key>
			<string>PBXFileReference</string>
			<key>lastKnownFileType</key>
			<string>sourcecode.swift</string>
			<key>path</key>
			<string>PFError.swift</string>
			<key>sourceTree</key>
			<string>&lt;group&gt;</string>
		</dict>
		<key>A4CFD6691CB2A9160005FB7B</key>
		<dict>
			<key>fileRef</key>
			<string>A4CFD6681CB2A9160005FB7B</string>
			<key>isa</key>
			<string>PBXBuildFile</string>
		</dict>
		<key>A4CFD66A1CB2A9160005FB7B</key>
		<dict>
			<key>fileRef</key>
			<string>A4CFD6681CB2A9160005FB7B</string>
			<key>isa</key>
			<string>PBXBuildFile</string>
		</dict>
		<key>A4D22B0C1C8854F900C200F2</key>
		<dict>
			<key>fileEncoding</key>
			<string>4</string>
			<key>isa</key>
			<string>PBXFileReference</string>
			<key>lastKnownFileType</key>
			<string>sourcecode.swift</string>
			<key>path</key>
			<string>DataModel.swift</string>
			<key>sourceTree</key>
			<string>&lt;group&gt;</string>
		</dict>
		<key>A4D22B0D1C8854F900C200F2</key>
		<dict>
			<key>fileRef</key>
			<string>A4D22B0C1C8854F900C200F2</string>
			<key>isa</key>
			<string>PBXBuildFile</string>
		</dict>
		<key>A4D22B0E1C8854F900C200F2</key>
		<dict>
			<key>fileRef</key>
			<string>A4D22B0C1C8854F900C200F2</string>
			<key>isa</key>
			<string>PBXBuildFile</string>
		</dict>
		<key>A4D22B0F1C88553100C200F2</key>
		<dict>
			<key>fileEncoding</key>
			<string>4</string>
			<key>isa</key>
			<string>PBXFileReference</string>
			<key>lastKnownFileType</key>
			<string>sourcecode.swift</string>
			<key>path</key>
			<string>DataModelTests.swift</string>
			<key>sourceTree</key>
			<string>&lt;group&gt;</string>
		</dict>
		<key>A4D22B101C88553100C200F2</key>
		<dict>
			<key>fileRef</key>
			<string>A4D22B0F1C88553100C200F2</string>
			<key>isa</key>
			<string>PBXBuildFile</string>
		</dict>
		<key>B2136F02434D4907023CD63D</key>
		<dict>
			<key>includeInIndex</key>
			<string>1</string>
			<key>isa</key>
			<string>PBXFileReference</string>
			<key>lastKnownFileType</key>
			<string>text.xcconfig</string>
			<key>name</key>
			<string>Pods-WeCitizensTests.release.xcconfig</string>
			<key>path</key>
			<string>Pods/Target Support Files/Pods-WeCitizensTests/Pods-WeCitizensTests.release.xcconfig</string>
			<key>sourceTree</key>
			<string>&lt;group&gt;</string>
		</dict>
		<key>B28B5440FB73374BF619A029</key>
		<dict>
			<key>fileRef</key>
			<string>5ADB609FD42020FAFCBC787D</string>
			<key>isa</key>
			<string>PBXBuildFile</string>
		</dict>
		<key>BEFF485A68E21B9F3C28C675</key>
		<dict>
			<key>fileRef</key>
			<string>C00EF4F5FD18FD3D56313662</string>
			<key>isa</key>
			<string>PBXBuildFile</string>
		</dict>
		<key>C00EF4F5FD18FD3D56313662</key>
		<dict>
			<key>explicitFileType</key>
			<string>wrapper.framework</string>
			<key>includeInIndex</key>
			<string>0</string>
			<key>isa</key>
			<string>PBXFileReference</string>
			<key>path</key>
			<string>Pods_WeCitizens.framework</string>
			<key>sourceTree</key>
			<string>BUILT_PRODUCTS_DIR</string>
		</dict>
		<key>C313B52192751771B8C86869</key>
		<dict>
			<key>includeInIndex</key>
			<string>1</string>
			<key>isa</key>
			<string>PBXFileReference</string>
			<key>lastKnownFileType</key>
			<string>text.xcconfig</string>
			<key>name</key>
			<string>Pods-WeCitizensUITests.release.xcconfig</string>
			<key>path</key>
			<string>Pods/Target Support Files/Pods-WeCitizensUITests/Pods-WeCitizensUITests.release.xcconfig</string>
			<key>sourceTree</key>
			<string>&lt;group&gt;</string>
		</dict>
		<key>C89C936177B349D968F70896</key>
		<dict>
			<key>children</key>
			<array>
				<string>2FE2C69AB00E5178774391DD</string>
				<string>E7E39EEE319503EFFB1C29AE</string>
				<string>73E05D9DD10E28D075983F6B</string>
				<string>B2136F02434D4907023CD63D</string>
				<string>6E9922060424804DAE31D738</string>
				<string>C313B52192751771B8C86869</string>
			</array>
			<key>isa</key>
			<string>PBXGroup</string>
			<key>name</key>
			<string>Pods</string>
			<key>sourceTree</key>
			<string>&lt;group&gt;</string>
		</dict>
		<key>E0C77A47314C0EFC91CA9954</key>
		<dict>
			<key>buildActionMask</key>
			<string>2147483647</string>
			<key>files</key>
			<array/>
			<key>inputPaths</key>
			<array/>
			<key>isa</key>
			<string>PBXShellScriptBuildPhase</string>
			<key>name</key>
			<string>Check Pods Manifest.lock</string>
			<key>outputPaths</key>
			<array/>
			<key>runOnlyForDeploymentPostprocessing</key>
			<string>0</string>
			<key>shellPath</key>
			<string>/bin/sh</string>
			<key>shellScript</key>
			<string>diff "${PODS_ROOT}/../Podfile.lock" "${PODS_ROOT}/Manifest.lock" &gt; /dev/null
if [[ $? != 0 ]] ; then
    cat &lt;&lt; EOM
error: The sandbox is not in sync with the Podfile.lock. Run 'pod install' or update your CocoaPods installation.
EOM
    exit 1
fi
</string>
			<key>showEnvVarsInLog</key>
			<string>0</string>
		</dict>
		<key>E71A51211CCFA8FE00626ADD</key>
		<dict>
			<key>children</key>
			<array>
				<string>E71A51221CCFA94800626ADD</string>
				<string>E71A51231CCFA94800626ADD</string>
				<string>E71A51241CCFA94800626ADD</string>
			</array>
			<key>isa</key>
			<string>PBXGroup</string>
			<key>name</key>
			<string>RRTagController</string>
			<key>sourceTree</key>
			<string>&lt;group&gt;</string>
		</dict>
		<key>E71A51221CCFA94800626ADD</key>
		<dict>
			<key>fileEncoding</key>
			<string>4</string>
			<key>isa</key>
			<string>PBXFileReference</string>
			<key>lastKnownFileType</key>
			<string>sourcecode.swift</string>
			<key>path</key>
			<string>RRAddTagView.swift</string>
			<key>sourceTree</key>
			<string>&lt;group&gt;</string>
		</dict>
		<key>E71A51231CCFA94800626ADD</key>
		<dict>
			<key>fileEncoding</key>
			<string>4</string>
			<key>isa</key>
			<string>PBXFileReference</string>
			<key>lastKnownFileType</key>
			<string>sourcecode.swift</string>
			<key>path</key>
			<string>RRTagCollectionViewCell.swift</string>
			<key>sourceTree</key>
			<string>&lt;group&gt;</string>
		</dict>
		<key>E71A51241CCFA94800626ADD</key>
		<dict>
			<key>fileEncoding</key>
			<string>4</string>
			<key>isa</key>
			<string>PBXFileReference</string>
			<key>lastKnownFileType</key>
			<string>sourcecode.swift</string>
			<key>path</key>
			<string>RRTagController.swift</string>
			<key>sourceTree</key>
			<string>&lt;group&gt;</string>
		</dict>
		<key>E71A51251CCFA94800626ADD</key>
		<dict>
			<key>fileRef</key>
			<string>E71A51221CCFA94800626ADD</string>
			<key>isa</key>
			<string>PBXBuildFile</string>
		</dict>
		<key>E71A51261CCFA94800626ADD</key>
		<dict>
			<key>fileRef</key>
			<string>E71A51231CCFA94800626ADD</string>
			<key>isa</key>
			<string>PBXBuildFile</string>
		</dict>
		<key>E71A51271CCFA94800626ADD</key>
		<dict>
			<key>fileRef</key>
			<string>E71A51241CCFA94800626ADD</string>
			<key>isa</key>
			<string>PBXBuildFile</string>
		</dict>
		<key>E71A51281CCFA9FE00626ADD</key>
		<dict>
			<key>fileEncoding</key>
			<string>4</string>
			<key>isa</key>
			<string>PBXFileReference</string>
			<key>lastKnownFileType</key>
			<string>sourcecode.swift</string>
			<key>path</key>
			<string>TagViewController.swift</string>
			<key>sourceTree</key>
			<string>&lt;group&gt;</string>
		</dict>
		<key>E71A51291CCFA9FE00626ADD</key>
		<dict>
			<key>fileRef</key>
			<string>E71A51281CCFA9FE00626ADD</string>
			<key>isa</key>
			<string>PBXBuildFile</string>
		</dict>
		<key>E71BFF621C75E5C3001A00E5</key>
		<dict>
			<key>fileEncoding</key>
			<string>4</string>
			<key>isa</key>
			<string>PBXFileReference</string>
			<key>lastKnownFileType</key>
			<string>sourcecode.swift</string>
			<key>path</key>
			<string>WelcomeViewController.swift</string>
			<key>sourceTree</key>
			<string>&lt;group&gt;</string>
		</dict>
		<key>E71BFF631C75E5C3001A00E5</key>
		<dict>
			<key>fileRef</key>
			<string>E71BFF621C75E5C3001A00E5</string>
			<key>isa</key>
			<string>PBXBuildFile</string>
		</dict>
		<key>E72C16DE1C857DF200E871B0</key>
		<dict>
			<key>fileEncoding</key>
			<string>4</string>
			<key>isa</key>
			<string>PBXFileReference</string>
			<key>lastKnownFileType</key>
			<string>sourcecode.swift</string>
			<key>path</key>
			<string>SSRadioButton.swift</string>
			<key>sourceTree</key>
			<string>&lt;group&gt;</string>
		</dict>
		<key>E72C16DF1C857DF200E871B0</key>
		<dict>
			<key>fileEncoding</key>
			<string>4</string>
			<key>isa</key>
			<string>PBXFileReference</string>
			<key>lastKnownFileType</key>
			<string>sourcecode.swift</string>
			<key>path</key>
			<string>SSRadioButtonsController.swift</string>
			<key>sourceTree</key>
			<string>&lt;group&gt;</string>
		</dict>
		<key>E72C16E01C857DF200E871B0</key>
		<dict>
			<key>fileRef</key>
			<string>E72C16DE1C857DF200E871B0</string>
			<key>isa</key>
			<string>PBXBuildFile</string>
		</dict>
		<key>E72C16E11C857DF200E871B0</key>
		<dict>
			<key>fileRef</key>
			<string>E72C16DF1C857DF200E871B0</string>
			<key>isa</key>
			<string>PBXBuildFile</string>
		</dict>
		<key>E72C16E21C858ECB00E871B0</key>
		<dict>
			<key>isa</key>
			<string>PBXFileReference</string>
			<key>lastKnownFileType</key>
			<string>wrapper.framework</string>
			<key>name</key>
			<string>CoreLocation.framework</string>
			<key>path</key>
			<string>System/Library/Frameworks/CoreLocation.framework</string>
			<key>sourceTree</key>
			<string>SDKROOT</string>
		</dict>
		<key>E72C16E31C858ECB00E871B0</key>
		<dict>
			<key>fileRef</key>
			<string>E72C16E21C858ECB00E871B0</string>
			<key>isa</key>
			<string>PBXBuildFile</string>
		</dict>
		<key>E73CAEEB1C79B8010099DF2D</key>
		<dict>
			<key>fileEncoding</key>
			<string>4</string>
			<key>isa</key>
			<string>PBXFileReference</string>
			<key>lastKnownFileType</key>
			<string>sourcecode.swift</string>
			<key>path</key>
			<string>AddVoiceTableViewController.swift</string>
			<key>sourceTree</key>
			<string>&lt;group&gt;</string>
		</dict>
		<key>E73CAEEC1C79B8010099DF2D</key>
		<dict>
			<key>fileRef</key>
			<string>E73CAEEB1C79B8010099DF2D</string>
			<key>isa</key>
			<string>PBXBuildFile</string>
		</dict>
		<key>E73CAEED1C79ECB30099DF2D</key>
		<dict>
			<key>fileEncoding</key>
			<string>4</string>
			<key>isa</key>
			<string>PBXFileReference</string>
			<key>lastKnownFileType</key>
			<string>sourcecode.swift</string>
			<key>path</key>
			<string>VoiceDetailTableViewController.swift</string>
			<key>sourceTree</key>
			<string>&lt;group&gt;</string>
		</dict>
		<key>E73CAEEE1C79ECB30099DF2D</key>
		<dict>
			<key>fileRef</key>
			<string>E73CAEED1C79ECB30099DF2D</string>
			<key>isa</key>
			<string>PBXBuildFile</string>
		</dict>
		<key>E73CAEEF1C7B37730099DF2D</key>
		<dict>
			<key>fileEncoding</key>
			<string>4</string>
			<key>isa</key>
			<string>PBXFileReference</string>
			<key>lastKnownFileType</key>
			<string>sourcecode.swift</string>
			<key>path</key>
			<string>VoiceTitleTableViewCell.swift</string>
			<key>sourceTree</key>
			<string>&lt;group&gt;</string>
		</dict>
		<key>E73CAEF01C7B37730099DF2D</key>
		<dict>
			<key>fileRef</key>
			<string>E73CAEEF1C7B37730099DF2D</string>
			<key>isa</key>
			<string>PBXBuildFile</string>
		</dict>
		<key>E73CAEF11C7B37850099DF2D</key>
		<dict>
			<key>fileEncoding</key>
			<string>4</string>
			<key>isa</key>
			<string>PBXFileReference</string>
			<key>lastKnownFileType</key>
			<string>sourcecode.swift</string>
			<key>path</key>
			<string>VoiceDetailTableViewCell.swift</string>
			<key>sourceTree</key>
			<string>&lt;group&gt;</string>
		</dict>
		<key>E73CAEF21C7B37850099DF2D</key>
		<dict>
			<key>fileRef</key>
			<string>E73CAEF11C7B37850099DF2D</string>
			<key>isa</key>
			<string>PBXBuildFile</string>
		</dict>
		<key>E74A7F6D1C8F032C00872D6D</key>
		<dict>
			<key>children</key>
			<array>
				<string>E72C16DE1C857DF200E871B0</string>
				<string>E72C16DF1C857DF200E871B0</string>
			</array>
			<key>isa</key>
			<string>PBXGroup</string>
			<key>name</key>
			<string>View</string>
			<key>sourceTree</key>
			<string>&lt;group&gt;</string>
		</dict>
		<key>E74BA49D1C7E081200FC1BA6</key>
		<dict>
			<key>fileEncoding</key>
			<string>4</string>
			<key>isa</key>
			<string>PBXFileReference</string>
			<key>lastKnownFileType</key>
			<string>sourcecode.swift</string>
			<key>path</key>
			<string>ReplyTableViewCell.swift</string>
			<key>sourceTree</key>
			<string>&lt;group&gt;</string>
		</dict>
		<key>E74BA49E1C7E081200FC1BA6</key>
		<dict>
			<key>fileRef</key>
			<string>E74BA49D1C7E081200FC1BA6</string>
			<key>isa</key>
			<string>PBXBuildFile</string>
		</dict>
		<key>E74BA49F1C7E082B00FC1BA6</key>
		<dict>
			<key>fileEncoding</key>
			<string>4</string>
			<key>isa</key>
			<string>PBXFileReference</string>
			<key>lastKnownFileType</key>
			<string>sourcecode.swift</string>
			<key>path</key>
			<string>ReplyTableViewController.swift</string>
			<key>sourceTree</key>
			<string>&lt;group&gt;</string>
		</dict>
		<key>E74BA4A01C7E082B00FC1BA6</key>
		<dict>
			<key>fileRef</key>
			<string>E74BA49F1C7E082B00FC1BA6</string>
			<key>isa</key>
			<string>PBXBuildFile</string>
		</dict>
		<key>E754A2071CB6774B009D861D</key>
		<dict>
			<key>children</key>
			<array>
				<string>E7A2B1CA1CA7BE80001A4CAB</string>
				<string>E754A20C1CB678A9009D861D</string>
				<string>E75CBD771CB928C8001A1EDD</string>
				<string>E75CBD791CB92F84001A1EDD</string>
			</array>
			<key>isa</key>
			<string>PBXGroup</string>
			<key>name</key>
			<string>Mine</string>
			<key>sourceTree</key>
			<string>&lt;group&gt;</string>
		</dict>
		<key>E754A2081CB6775E009D861D</key>
		<dict>
			<key>children</key>
			<array>
				<string>E71A51211CCFA8FE00626ADD</string>
				<string>E754A20B1CB6786F009D861D</string>
				<string>E754A2091CB67821009D861D</string>
				<string>E754A20A1CB67853009D861D</string>
				<string>E754A2071CB6774B009D861D</string>
			</array>
			<key>isa</key>
			<string>PBXGroup</string>
			<key>name</key>
			<string>ViewController</string>
			<key>sourceTree</key>
			<string>&lt;group&gt;</string>
		</dict>
		<key>E754A2091CB67821009D861D</key>
		<dict>
			<key>children</key>
			<array>
				<string>E7E6F1211C6CAE2200EB1179</string>
				<string>A47D54441CC7DC5E00904EB0</string>
				<string>E73CAEEB1C79B8010099DF2D</string>
				<string>E73CAEED1C79ECB30099DF2D</string>
				<string>E73CAEEF1C7B37730099DF2D</string>
				<string>E73CAEF11C7B37850099DF2D</string>
				<string>E7E414371CB4FB3200A19F0B</string>
				<string>E7E6F1251C6CB48200EB1179</string>
				<string>E71A51281CCFA9FE00626ADD</string>
			</array>
			<key>isa</key>
			<string>PBXGroup</string>
			<key>name</key>
			<string>Voice</string>
			<key>sourceTree</key>
			<string>&lt;group&gt;</string>
		</dict>
		<key>E754A20A1CB67853009D861D</key>
		<dict>
			<key>children</key>
			<array>
				<string>E74BA49F1C7E082B00FC1BA6</string>
				<string>E74BA49D1C7E081200FC1BA6</string>
			</array>
			<key>isa</key>
			<string>PBXGroup</string>
			<key>name</key>
			<string>Reply</string>
			<key>sourceTree</key>
			<string>&lt;group&gt;</string>
		</dict>
		<key>E754A20B1CB6786F009D861D</key>
		<dict>
			<key>children</key>
			<array>
				<string>E71BFF621C75E5C3001A00E5</string>
				<string>E7CE05A01C6353FC00E8CCAB</string>
				<string>E79F33A41C72FCFF009D1F1A</string>
				<string>E7E6F1231C6CB11000EB1179</string>
			</array>
			<key>isa</key>
			<string>PBXGroup</string>
			<key>name</key>
			<string>Welcome</string>
			<key>sourceTree</key>
			<string>&lt;group&gt;</string>
		</dict>
		<key>E754A20C1CB678A9009D861D</key>
		<dict>
			<key>fileEncoding</key>
			<string>4</string>
			<key>isa</key>
			<string>PBXFileReference</string>
			<key>lastKnownFileType</key>
			<string>sourcecode.swift</string>
			<key>path</key>
			<string>EditUserInfoControler.swift</string>
			<key>sourceTree</key>
			<string>&lt;group&gt;</string>
		</dict>
		<key>E754A20D1CB678A9009D861D</key>
		<dict>
			<key>fileRef</key>
			<string>E754A20C1CB678A9009D861D</string>
			<key>isa</key>
			<string>PBXBuildFile</string>
		</dict>
		<key>E758526B1C64D6420018F138</key>
		<dict>
			<key>buildActionMask</key>
			<string>2147483647</string>
			<key>files</key>
			<array/>
			<key>inputPaths</key>
			<array/>
			<key>isa</key>
			<string>PBXShellScriptBuildPhase</string>
			<key>outputPaths</key>
			<array/>
			<key>runOnlyForDeploymentPostprocessing</key>
			<string>0</string>
			<key>shellPath</key>
			<string>/bin/sh</string>
			<key>shellScript</key>
			<string>TAGS="TODO:|FIXME:"
echo "searching ${SRCROOT} for ${TAGS}"
find "${SRCROOT}" \( -name "*.swift" \) -print0 | xargs -0 egrep --with-filename --line-number --only-matching "($TAGS).*\$" | perl -p -e "s/($TAGS)/ warning: \$1/"</string>
		</dict>
		<key>E75CBD771CB928C8001A1EDD</key>
		<dict>
			<key>fileEncoding</key>
			<string>4</string>
			<key>isa</key>
			<string>PBXFileReference</string>
			<key>lastKnownFileType</key>
			<string>sourcecode.swift</string>
			<key>path</key>
			<string>MyActivitiesTableViewController.swift</string>
			<key>sourceTree</key>
			<string>&lt;group&gt;</string>
		</dict>
		<key>E75CBD781CB928C8001A1EDD</key>
		<dict>
			<key>fileRef</key>
			<string>E75CBD771CB928C8001A1EDD</string>
			<key>isa</key>
			<string>PBXBuildFile</string>
		</dict>
		<key>E75CBD791CB92F84001A1EDD</key>
		<dict>
			<key>fileEncoding</key>
			<string>4</string>
			<key>isa</key>
			<string>PBXFileReference</string>
			<key>lastKnownFileType</key>
			<string>sourcecode.swift</string>
			<key>path</key>
			<string>MyActivityCell.swift</string>
			<key>sourceTree</key>
			<string>&lt;group&gt;</string>
		</dict>
		<key>E75CBD7A1CB92F84001A1EDD</key>
		<dict>
			<key>fileRef</key>
			<string>E75CBD791CB92F84001A1EDD</string>
			<key>isa</key>
			<string>PBXBuildFile</string>
		</dict>
		<key>E79CF5831C88278C002EA7C8</key>
		<dict>
			<key>children</key>
			<array>
				<string>A492DBF91C93D49100C93FE2</string>
				<string>A492DBFC1C93D4D900C93FE2</string>
				<string>A492DBFF1C94032900C93FE2</string>
				<string>A4597DDD1C952A110069B317</string>
				<string>A4B5ABA01C97B08700350616</string>
				<string>A49F8D251CA91B750084F7D8</string>
				<string>A4CFD6681CB2A9160005FB7B</string>
			</array>
			<key>isa</key>
			<string>PBXGroup</string>
			<key>name</key>
			<string>Bean</string>
			<key>sourceTree</key>
			<string>&lt;group&gt;</string>
		</dict>
		<key>E79F33A41C72FCFF009D1F1A</key>
		<dict>
			<key>fileEncoding</key>
			<string>4</string>
			<key>isa</key>
			<string>PBXFileReference</string>
			<key>lastKnownFileType</key>
			<string>sourcecode.swift</string>
			<key>path</key>
			<string>SignUpViewController.swift</string>
			<key>sourceTree</key>
			<string>&lt;group&gt;</string>
		</dict>
		<key>E79F33A51C72FCFF009D1F1A</key>
		<dict>
			<key>fileRef</key>
			<string>E79F33A41C72FCFF009D1F1A</string>
			<key>isa</key>
			<string>PBXBuildFile</string>
		</dict>
		<key>E7A2B1CA1CA7BE80001A4CAB</key>
		<dict>
			<key>fileEncoding</key>
			<string>4</string>
			<key>isa</key>
			<string>PBXFileReference</string>
			<key>lastKnownFileType</key>
			<string>sourcecode.swift</string>
			<key>path</key>
			<string>MineViewController.swift</string>
			<key>sourceTree</key>
			<string>&lt;group&gt;</string>
		</dict>
		<key>E7A2B1CB1CA7BE80001A4CAB</key>
		<dict>
			<key>fileRef</key>
			<string>E7A2B1CA1CA7BE80001A4CAB</string>
			<key>isa</key>
			<string>PBXBuildFile</string>
		</dict>
		<key>E7CE05921C6353FB00E8CCAB</key>
		<dict>
			<key>children</key>
			<array>
				<string>E7CE059D1C6353FC00E8CCAB</string>
				<string>E7CE05B21C6353FC00E8CCAB</string>
				<string>E7CE05BD1C6353FC00E8CCAB</string>
				<string>E7CE059C1C6353FC00E8CCAB</string>
				<string>29B24B36200521B74E542F66</string>
				<string>C89C936177B349D968F70896</string>
			</array>
			<key>isa</key>
			<string>PBXGroup</string>
			<key>sourceTree</key>
			<string>&lt;group&gt;</string>
		</dict>
		<key>E7CE05931C6353FB00E8CCAB</key>
		<dict>
			<key>attributes</key>
			<dict>
				<key>LastSwiftUpdateCheck</key>
				<string>0720</string>
				<key>LastUpgradeCheck</key>
				<string>0720</string>
				<key>ORGANIZATIONNAME</key>
				<string>Tongji Apple Club</string>
				<key>TargetAttributes</key>
				<dict>
					<key>E7CE059A1C6353FB00E8CCAB</key>
					<dict>
						<key>CreatedOnToolsVersion</key>
						<string>7.2</string>
						<key>DevelopmentTeam</key>
						<string>62D9VYM54C</string>
					</dict>
					<key>E7CE05AE1C6353FC00E8CCAB</key>
					<dict>
						<key>CreatedOnToolsVersion</key>
						<string>7.2</string>
						<key>DevelopmentTeam</key>
						<string>62D9VYM54C</string>
						<key>TestTargetID</key>
						<string>E7CE059A1C6353FB00E8CCAB</string>
					</dict>
					<key>E7CE05B91C6353FC00E8CCAB</key>
					<dict>
						<key>CreatedOnToolsVersion</key>
						<string>7.2</string>
						<key>DevelopmentTeam</key>
						<string>62D9VYM54C</string>
						<key>TestTargetID</key>
						<string>E7CE059A1C6353FB00E8CCAB</string>
					</dict>
				</dict>
			</dict>
			<key>buildConfigurationList</key>
			<string>E7CE05961C6353FB00E8CCAB</string>
			<key>compatibilityVersion</key>
			<string>Xcode 3.2</string>
			<key>developmentRegion</key>
			<string>English</string>
			<key>hasScannedForEncodings</key>
			<string>0</string>
			<key>isa</key>
			<string>PBXProject</string>
			<key>knownRegions</key>
			<array>
				<string>en</string>
				<string>Base</string>
			</array>
			<key>mainGroup</key>
			<string>E7CE05921C6353FB00E8CCAB</string>
			<key>productRefGroup</key>
			<string>E7CE059C1C6353FC00E8CCAB</string>
			<key>projectDirPath</key>
			<string></string>
			<key>projectReferences</key>
			<array/>
			<key>projectRoot</key>
			<string></string>
			<key>targets</key>
			<array>
				<string>E7CE059A1C6353FB00E8CCAB</string>
				<string>E7CE05AE1C6353FC00E8CCAB</string>
				<string>E7CE05B91C6353FC00E8CCAB</string>
			</array>
		</dict>
		<key>E7CE05961C6353FB00E8CCAB</key>
		<dict>
			<key>buildConfigurations</key>
			<array>
				<string>E7CE05C11C6353FC00E8CCAB</string>
				<string>E7CE05C21C6353FC00E8CCAB</string>
			</array>
			<key>defaultConfigurationIsVisible</key>
			<string>0</string>
			<key>defaultConfigurationName</key>
			<string>Release</string>
			<key>isa</key>
			<string>XCConfigurationList</string>
		</dict>
		<key>E7CE05971C6353FB00E8CCAB</key>
		<dict>
			<key>buildActionMask</key>
			<string>2147483647</string>
			<key>files</key>
			<array>
				<string>E79F33A51C72FCFF009D1F1A</string>
				<string>E71A51251CCFA94800626ADD</string>
				<string>A43CCCBC1C91C2FA00CDB782</string>
				<string>E75CBD7A1CB92F84001A1EDD</string>
				<string>A492DBFA1C93D49100C93FE2</string>
				<string>E7CE05A11C6353FC00E8CCAB</string>
				<string>A4B5ABA11C97B08700350616</string>
				<string>E74BA49E1C7E081200FC1BA6</string>
				<string>A492DC001C94032900C93FE2</string>
				<string>E74BA4A01C7E082B00FC1BA6</string>
				<string>E73CAEEE1C79ECB30099DF2D</string>
				<string>A47D54451CC7DC5E00904EB0</string>
				<string>E754A20D1CB678A9009D861D</string>
				<string>E72C16E11C857DF200E871B0</string>
				<string>E72C16E01C857DF200E871B0</string>
				<string>E75CBD781CB928C8001A1EDD</string>
				<string>A492DBFD1C93D4D900C93FE2</string>
				<string>E71A51271CCFA94800626ADD</string>
				<string>E7A2B1CB1CA7BE80001A4CAB</string>
				<string>E71A51261CCFA94800626ADD</string>
				<string>E7E6F1221C6CAE2200EB1179</string>
				<string>E7E6F1261C6CB48200EB1179</string>
				<string>A422D36E1CA832950021D9FF</string>
				<string>A422D36B1CA832760021D9FF</string>
				<string>E73CAEF21C7B37850099DF2D</string>
				<string>A4CFD6691CB2A9160005FB7B</string>
				<string>E73CAEF01C7B37730099DF2D</string>
				<string>A422D3711CA833760021D9FF</string>
				<string>E7E6F1241C6CB11000EB1179</string>
				<string>E71A51291CCFA9FE00626ADD</string>
				<string>E7CE059F1C6353FC00E8CCAB</string>
				<string>A422D3681CA8326A0021D9FF</string>
				<string>A49F8D261CA91B750084F7D8</string>
				<string>E73CAEEC1C79B8010099DF2D</string>
				<string>A4597DDE1C952A110069B317</string>
				<string>E71BFF631C75E5C3001A00E5</string>
				<string>E7E414381CB4FB3200A19F0B</string>
				<string>A4D22B0D1C8854F900C200F2</string>
			</array>
			<key>isa</key>
			<string>PBXSourcesBuildPhase</string>
			<key>runOnlyForDeploymentPostprocessing</key>
			<string>0</string>
		</dict>
		<key>E7CE05981C6353FB00E8CCAB</key>
		<dict>
			<key>buildActionMask</key>
			<string>2147483647</string>
			<key>files</key>
			<array>
				<string>E72C16E31C858ECB00E871B0</string>
				<string>BEFF485A68E21B9F3C28C675</string>
			</array>
			<key>isa</key>
			<string>PBXFrameworksBuildPhase</string>
			<key>runOnlyForDeploymentPostprocessing</key>
			<string>0</string>
		</dict>
		<key>E7CE05991C6353FB00E8CCAB</key>
		<dict>
			<key>buildActionMask</key>
			<string>2147483647</string>
			<key>files</key>
			<array>
				<string>E7CE05A91C6353FC00E8CCAB</string>
				<string>E7CE05A61C6353FC00E8CCAB</string>
				<string>E7CE05A41C6353FC00E8CCAB</string>
			</array>
			<key>isa</key>
			<string>PBXResourcesBuildPhase</string>
			<key>runOnlyForDeploymentPostprocessing</key>
			<string>0</string>
		</dict>
		<key>E7CE059A1C6353FB00E8CCAB</key>
		<dict>
			<key>buildConfigurationList</key>
			<string>E7CE05C31C6353FC00E8CCAB</string>
			<key>buildPhases</key>
			<array>
				<string>727EDF8FAB2E9AA7471BBFFF</string>
				<string>E7CE05971C6353FB00E8CCAB</string>
				<string>E7CE05981C6353FB00E8CCAB</string>
				<string>E7CE05991C6353FB00E8CCAB</string>
				<string>E758526B1C64D6420018F138</string>
				<string>3120FFAF3AF3493763EF0DBE</string>
				<string>73EEB4FC32E4A64303ADC6C5</string>
			</array>
			<key>buildRules</key>
			<array/>
			<key>dependencies</key>
			<array/>
			<key>isa</key>
			<string>PBXNativeTarget</string>
			<key>name</key>
			<string>WeCitizens</string>
			<key>productName</key>
			<string>WeCitizens</string>
			<key>productReference</key>
			<string>E7CE059B1C6353FC00E8CCAB</string>
			<key>productType</key>
			<string>com.apple.product-type.application</string>
		</dict>
		<key>E7CE059B1C6353FC00E8CCAB</key>
		<dict>
			<key>explicitFileType</key>
			<string>wrapper.application</string>
			<key>includeInIndex</key>
			<string>0</string>
			<key>isa</key>
			<string>PBXFileReference</string>
			<key>path</key>
			<string>WeCitizens.app</string>
			<key>sourceTree</key>
			<string>BUILT_PRODUCTS_DIR</string>
		</dict>
		<key>E7CE059C1C6353FC00E8CCAB</key>
		<dict>
			<key>children</key>
			<array>
				<string>E7CE059B1C6353FC00E8CCAB</string>
				<string>E7CE05AF1C6353FC00E8CCAB</string>
				<string>E7CE05BA1C6353FC00E8CCAB</string>
			</array>
			<key>isa</key>
			<string>PBXGroup</string>
			<key>name</key>
			<string>Products</string>
			<key>sourceTree</key>
			<string>&lt;group&gt;</string>
		</dict>
		<key>E7CE059D1C6353FC00E8CCAB</key>
		<dict>
			<key>children</key>
			<array>
				<string>E79CF5831C88278C002EA7C8</string>
				<string>A467EA151C7D4A270068880C</string>
				<string>E754A2081CB6775E009D861D</string>
				<string>E74A7F6D1C8F032C00872D6D</string>
				<string>E7CE059E1C6353FC00E8CCAB</string>
				<string>E7CE05A21C6353FC00E8CCAB</string>
				<string>E7CE05A51C6353FC00E8CCAB</string>
				<string>E7CE05A71C6353FC00E8CCAB</string>
				<string>E7CE05AA1C6353FC00E8CCAB</string>
			</array>
			<key>isa</key>
			<string>PBXGroup</string>
			<key>path</key>
			<string>WeCitizens</string>
			<key>sourceTree</key>
			<string>&lt;group&gt;</string>
		</dict>
		<key>E7CE059E1C6353FC00E8CCAB</key>
		<dict>
			<key>isa</key>
			<string>PBXFileReference</string>
			<key>lastKnownFileType</key>
			<string>sourcecode.swift</string>
			<key>path</key>
			<string>AppDelegate.swift</string>
			<key>sourceTree</key>
			<string>&lt;group&gt;</string>
		</dict>
		<key>E7CE059F1C6353FC00E8CCAB</key>
		<dict>
			<key>fileRef</key>
			<string>E7CE059E1C6353FC00E8CCAB</string>
			<key>isa</key>
			<string>PBXBuildFile</string>
		</dict>
		<key>E7CE05A01C6353FC00E8CCAB</key>
		<dict>
			<key>isa</key>
			<string>PBXFileReference</string>
			<key>lastKnownFileType</key>
			<string>sourcecode.swift</string>
			<key>path</key>
			<string>LoginViewController.swift</string>
			<key>sourceTree</key>
			<string>&lt;group&gt;</string>
		</dict>
		<key>E7CE05A11C6353FC00E8CCAB</key>
		<dict>
			<key>fileRef</key>
			<string>E7CE05A01C6353FC00E8CCAB</string>
			<key>isa</key>
			<string>PBXBuildFile</string>
		</dict>
		<key>E7CE05A21C6353FC00E8CCAB</key>
		<dict>
			<key>children</key>
			<array>
				<string>E7CE05A31C6353FC00E8CCAB</string>
			</array>
			<key>isa</key>
			<string>PBXVariantGroup</string>
			<key>name</key>
			<string>Main.storyboard</string>
			<key>sourceTree</key>
			<string>&lt;group&gt;</string>
		</dict>
		<key>E7CE05A31C6353FC00E8CCAB</key>
		<dict>
			<key>isa</key>
			<string>PBXFileReference</string>
			<key>lastKnownFileType</key>
			<string>file.storyboard</string>
			<key>name</key>
			<string>Base</string>
			<key>path</key>
			<string>Base.lproj/Main.storyboard</string>
			<key>sourceTree</key>
			<string>&lt;group&gt;</string>
		</dict>
		<key>E7CE05A41C6353FC00E8CCAB</key>
		<dict>
			<key>fileRef</key>
			<string>E7CE05A21C6353FC00E8CCAB</string>
			<key>isa</key>
			<string>PBXBuildFile</string>
		</dict>
		<key>E7CE05A51C6353FC00E8CCAB</key>
		<dict>
			<key>isa</key>
			<string>PBXFileReference</string>
			<key>lastKnownFileType</key>
			<string>folder.assetcatalog</string>
			<key>path</key>
			<string>Assets.xcassets</string>
			<key>sourceTree</key>
			<string>&lt;group&gt;</string>
		</dict>
		<key>E7CE05A61C6353FC00E8CCAB</key>
		<dict>
			<key>fileRef</key>
			<string>E7CE05A51C6353FC00E8CCAB</string>
			<key>isa</key>
			<string>PBXBuildFile</string>
		</dict>
		<key>E7CE05A71C6353FC00E8CCAB</key>
		<dict>
			<key>children</key>
			<array>
				<string>E7CE05A81C6353FC00E8CCAB</string>
			</array>
			<key>isa</key>
			<string>PBXVariantGroup</string>
			<key>name</key>
			<string>LaunchScreen.storyboard</string>
			<key>sourceTree</key>
			<string>&lt;group&gt;</string>
		</dict>
		<key>E7CE05A81C6353FC00E8CCAB</key>
		<dict>
			<key>isa</key>
			<string>PBXFileReference</string>
			<key>lastKnownFileType</key>
			<string>file.storyboard</string>
			<key>name</key>
			<string>Base</string>
			<key>path</key>
			<string>Base.lproj/LaunchScreen.storyboard</string>
			<key>sourceTree</key>
			<string>&lt;group&gt;</string>
		</dict>
		<key>E7CE05A91C6353FC00E8CCAB</key>
		<dict>
			<key>fileRef</key>
			<string>E7CE05A71C6353FC00E8CCAB</string>
			<key>isa</key>
			<string>PBXBuildFile</string>
		</dict>
		<key>E7CE05AA1C6353FC00E8CCAB</key>
		<dict>
			<key>isa</key>
			<string>PBXFileReference</string>
			<key>lastKnownFileType</key>
			<string>text.plist.xml</string>
			<key>path</key>
			<string>Info.plist</string>
			<key>sourceTree</key>
			<string>&lt;group&gt;</string>
		</dict>
		<key>E7CE05AB1C6353FC00E8CCAB</key>
		<dict>
			<key>buildActionMask</key>
			<string>2147483647</string>
			<key>files</key>
			<array>
				<string>A4597DDF1C952A110069B317</string>
				<string>A4B06A4B1CA96B9500603910</string>
				<string>A492DBFB1C93D49100C93FE2</string>
				<string>A422D3691CA8326A0021D9FF</string>
				<string>A4D22B101C88553100C200F2</string>
				<string>A492DC011C94032900C93FE2</string>
				<string>A422D36F1CA832950021D9FF</string>
				<string>A422D3721CA833760021D9FF</string>
				<string>A4597DE11C9555B60069B317</string>
				<string>A4B06A491CA96B7E00603910</string>
				<string>A49F8D271CA91B750084F7D8</string>
				<string>A4B06A4D1CA96E3B00603910</string>
				<string>A4B06A471CA96B6900603910</string>
				<string>A4CFD66A1CB2A9160005FB7B</string>
				<string>A4B5ABA21C97B08700350616</string>
				<string>A422D36C1CA832760021D9FF</string>
				<string>A492DBFE1C93D4D900C93FE2</string>
				<string>A43CCCBD1C91C2FA00CDB782</string>
				<string>A4D22B0E1C8854F900C200F2</string>
			</array>
			<key>isa</key>
			<string>PBXSourcesBuildPhase</string>
			<key>runOnlyForDeploymentPostprocessing</key>
			<string>0</string>
		</dict>
		<key>E7CE05AC1C6353FC00E8CCAB</key>
		<dict>
			<key>buildActionMask</key>
			<string>2147483647</string>
			<key>files</key>
			<array>
				<string>B28B5440FB73374BF619A029</string>
			</array>
			<key>isa</key>
			<string>PBXFrameworksBuildPhase</string>
			<key>runOnlyForDeploymentPostprocessing</key>
			<string>0</string>
		</dict>
		<key>E7CE05AD1C6353FC00E8CCAB</key>
		<dict>
			<key>buildActionMask</key>
			<string>2147483647</string>
			<key>files</key>
			<array/>
			<key>isa</key>
			<string>PBXResourcesBuildPhase</string>
			<key>runOnlyForDeploymentPostprocessing</key>
			<string>0</string>
		</dict>
		<key>E7CE05AE1C6353FC00E8CCAB</key>
		<dict>
			<key>buildConfigurationList</key>
			<string>E7CE05C61C6353FC00E8CCAB</string>
			<key>buildPhases</key>
			<array>
				<string>E0C77A47314C0EFC91CA9954</string>
				<string>E7CE05AB1C6353FC00E8CCAB</string>
				<string>E7CE05AC1C6353FC00E8CCAB</string>
				<string>E7CE05AD1C6353FC00E8CCAB</string>
				<string>FBF526C1D00C76F1F15EE23F</string>
				<string>237219C34D66EF29AD15A2C1</string>
			</array>
			<key>buildRules</key>
			<array/>
			<key>dependencies</key>
			<array>
				<string>E7CE05B11C6353FC00E8CCAB</string>
			</array>
			<key>isa</key>
			<string>PBXNativeTarget</string>
			<key>name</key>
			<string>WeCitizensTests</string>
			<key>productName</key>
			<string>WeCitizensTests</string>
			<key>productReference</key>
			<string>E7CE05AF1C6353FC00E8CCAB</string>
			<key>productType</key>
			<string>com.apple.product-type.bundle.unit-test</string>
		</dict>
		<key>E7CE05AF1C6353FC00E8CCAB</key>
		<dict>
			<key>explicitFileType</key>
			<string>wrapper.cfbundle</string>
			<key>includeInIndex</key>
			<string>0</string>
			<key>isa</key>
			<string>PBXFileReference</string>
			<key>path</key>
			<string>WeCitizensTests.xctest</string>
			<key>sourceTree</key>
			<string>BUILT_PRODUCTS_DIR</string>
		</dict>
		<key>E7CE05B01C6353FC00E8CCAB</key>
		<dict>
			<key>containerPortal</key>
			<string>E7CE05931C6353FB00E8CCAB</string>
			<key>isa</key>
			<string>PBXContainerItemProxy</string>
			<key>proxyType</key>
			<string>1</string>
			<key>remoteGlobalIDString</key>
			<string>E7CE059A1C6353FB00E8CCAB</string>
			<key>remoteInfo</key>
			<string>WeCitizens</string>
		</dict>
		<key>E7CE05B11C6353FC00E8CCAB</key>
		<dict>
			<key>isa</key>
			<string>PBXTargetDependency</string>
			<key>target</key>
			<string>E7CE059A1C6353FB00E8CCAB</string>
			<key>targetProxy</key>
			<string>E7CE05B01C6353FC00E8CCAB</string>
		</dict>
		<key>E7CE05B21C6353FC00E8CCAB</key>
		<dict>
			<key>children</key>
			<array>
				<string>A4D22B0F1C88553100C200F2</string>
				<string>A4B06A461CA96B6900603910</string>
				<string>A4B06A481CA96B7E00603910</string>
				<string>A4B06A4A1CA96B9500603910</string>
				<string>A4597DE01C9555B60069B317</string>
				<string>A4B06A4C1CA96E3B00603910</string>
				<string>E7CE05B51C6353FC00E8CCAB</string>
			</array>
			<key>isa</key>
			<string>PBXGroup</string>
			<key>path</key>
			<string>WeCitizensTests</string>
			<key>sourceTree</key>
			<string>&lt;group&gt;</string>
		</dict>
		<key>E7CE05B51C6353FC00E8CCAB</key>
		<dict>
			<key>isa</key>
			<string>PBXFileReference</string>
			<key>lastKnownFileType</key>
			<string>text.plist.xml</string>
			<key>path</key>
			<string>Info.plist</string>
			<key>sourceTree</key>
			<string>&lt;group&gt;</string>
		</dict>
		<key>E7CE05B61C6353FC00E8CCAB</key>
		<dict>
			<key>buildActionMask</key>
			<string>2147483647</string>
			<key>files</key>
			<array>
				<string>E7CE05BF1C6353FC00E8CCAB</string>
			</array>
			<key>isa</key>
			<string>PBXSourcesBuildPhase</string>
			<key>runOnlyForDeploymentPostprocessing</key>
			<string>0</string>
		</dict>
		<key>E7CE05B71C6353FC00E8CCAB</key>
		<dict>
			<key>buildActionMask</key>
			<string>2147483647</string>
			<key>files</key>
			<array>
				<string>9C6FBB46915541B979D42DA6</string>
			</array>
			<key>isa</key>
			<string>PBXFrameworksBuildPhase</string>
			<key>runOnlyForDeploymentPostprocessing</key>
			<string>0</string>
		</dict>
		<key>E7CE05B81C6353FC00E8CCAB</key>
		<dict>
			<key>buildActionMask</key>
			<string>2147483647</string>
			<key>files</key>
			<array/>
			<key>isa</key>
			<string>PBXResourcesBuildPhase</string>
			<key>runOnlyForDeploymentPostprocessing</key>
			<string>0</string>
		</dict>
		<key>E7CE05B91C6353FC00E8CCAB</key>
		<dict>
			<key>buildConfigurationList</key>
			<string>E7CE05C91C6353FC00E8CCAB</string>
			<key>buildPhases</key>
			<array>
				<string>1D1392E74A5D9364EA4B4E16</string>
				<string>E7CE05B61C6353FC00E8CCAB</string>
				<string>E7CE05B71C6353FC00E8CCAB</string>
				<string>E7CE05B81C6353FC00E8CCAB</string>
				<string>307254F7264C8855AC789F93</string>
			</array>
			<key>buildRules</key>
			<array/>
			<key>dependencies</key>
			<array>
				<string>E7CE05BC1C6353FC00E8CCAB</string>
			</array>
			<key>isa</key>
			<string>PBXNativeTarget</string>
			<key>name</key>
			<string>WeCitizensUITests</string>
			<key>productName</key>
			<string>WeCitizensUITests</string>
			<key>productReference</key>
			<string>E7CE05BA1C6353FC00E8CCAB</string>
			<key>productType</key>
			<string>com.apple.product-type.bundle.ui-testing</string>
		</dict>
		<key>E7CE05BA1C6353FC00E8CCAB</key>
		<dict>
			<key>explicitFileType</key>
			<string>wrapper.cfbundle</string>
			<key>includeInIndex</key>
			<string>0</string>
			<key>isa</key>
			<string>PBXFileReference</string>
			<key>path</key>
			<string>WeCitizensUITests.xctest</string>
			<key>sourceTree</key>
			<string>BUILT_PRODUCTS_DIR</string>
		</dict>
		<key>E7CE05BB1C6353FC00E8CCAB</key>
		<dict>
			<key>containerPortal</key>
			<string>E7CE05931C6353FB00E8CCAB</string>
			<key>isa</key>
			<string>PBXContainerItemProxy</string>
			<key>proxyType</key>
			<string>1</string>
			<key>remoteGlobalIDString</key>
			<string>E7CE059A1C6353FB00E8CCAB</string>
			<key>remoteInfo</key>
			<string>WeCitizens</string>
		</dict>
		<key>E7CE05BC1C6353FC00E8CCAB</key>
		<dict>
			<key>isa</key>
			<string>PBXTargetDependency</string>
			<key>target</key>
			<string>E7CE059A1C6353FB00E8CCAB</string>
			<key>targetProxy</key>
			<string>E7CE05BB1C6353FC00E8CCAB</string>
		</dict>
		<key>E7CE05BD1C6353FC00E8CCAB</key>
		<dict>
			<key>children</key>
			<array>
				<string>E7CE05BE1C6353FC00E8CCAB</string>
				<string>E7CE05C01C6353FC00E8CCAB</string>
			</array>
			<key>isa</key>
			<string>PBXGroup</string>
			<key>path</key>
			<string>WeCitizensUITests</string>
			<key>sourceTree</key>
			<string>&lt;group&gt;</string>
		</dict>
		<key>E7CE05BE1C6353FC00E8CCAB</key>
		<dict>
			<key>isa</key>
			<string>PBXFileReference</string>
			<key>lastKnownFileType</key>
			<string>sourcecode.swift</string>
			<key>path</key>
			<string>WeCitizensUITests.swift</string>
			<key>sourceTree</key>
			<string>&lt;group&gt;</string>
		</dict>
		<key>E7CE05BF1C6353FC00E8CCAB</key>
		<dict>
			<key>fileRef</key>
			<string>E7CE05BE1C6353FC00E8CCAB</string>
			<key>isa</key>
			<string>PBXBuildFile</string>
		</dict>
		<key>E7CE05C01C6353FC00E8CCAB</key>
		<dict>
			<key>isa</key>
			<string>PBXFileReference</string>
			<key>lastKnownFileType</key>
			<string>text.plist.xml</string>
			<key>path</key>
			<string>Info.plist</string>
			<key>sourceTree</key>
			<string>&lt;group&gt;</string>
		</dict>
		<key>E7CE05C11C6353FC00E8CCAB</key>
		<dict>
			<key>buildSettings</key>
			<dict>
				<key>ALWAYS_SEARCH_USER_PATHS</key>
				<string>NO</string>
				<key>CLANG_CXX_LANGUAGE_STANDARD</key>
				<string>gnu++0x</string>
				<key>CLANG_CXX_LIBRARY</key>
				<string>libc++</string>
				<key>CLANG_ENABLE_MODULES</key>
				<string>YES</string>
				<key>CLANG_ENABLE_OBJC_ARC</key>
				<string>YES</string>
				<key>CLANG_WARN_BOOL_CONVERSION</key>
				<string>YES</string>
				<key>CLANG_WARN_CONSTANT_CONVERSION</key>
				<string>YES</string>
				<key>CLANG_WARN_DIRECT_OBJC_ISA_USAGE</key>
				<string>YES_ERROR</string>
				<key>CLANG_WARN_EMPTY_BODY</key>
				<string>YES</string>
				<key>CLANG_WARN_ENUM_CONVERSION</key>
				<string>YES</string>
				<key>CLANG_WARN_INT_CONVERSION</key>
				<string>YES</string>
				<key>CLANG_WARN_OBJC_ROOT_CLASS</key>
				<string>YES_ERROR</string>
				<key>CLANG_WARN_UNREACHABLE_CODE</key>
				<string>YES</string>
				<key>CLANG_WARN__DUPLICATE_METHOD_MATCH</key>
				<string>YES</string>
				<key>CODE_SIGN_IDENTITY[sdk=iphoneos*]</key>
				<string>iPhone Developer</string>
				<key>COPY_PHASE_STRIP</key>
				<string>NO</string>
				<key>DEBUG_INFORMATION_FORMAT</key>
				<string>dwarf</string>
				<key>ENABLE_STRICT_OBJC_MSGSEND</key>
				<string>YES</string>
				<key>ENABLE_TESTABILITY</key>
				<string>YES</string>
				<key>GCC_C_LANGUAGE_STANDARD</key>
				<string>gnu99</string>
				<key>GCC_DYNAMIC_NO_PIC</key>
				<string>NO</string>
				<key>GCC_NO_COMMON_BLOCKS</key>
				<string>YES</string>
				<key>GCC_OPTIMIZATION_LEVEL</key>
				<string>0</string>
				<key>GCC_PREPROCESSOR_DEFINITIONS</key>
				<array>
					<string>DEBUG=1</string>
					<string>$(inherited)</string>
				</array>
				<key>GCC_WARN_64_TO_32_BIT_CONVERSION</key>
				<string>YES</string>
				<key>GCC_WARN_ABOUT_RETURN_TYPE</key>
				<string>YES_ERROR</string>
				<key>GCC_WARN_UNDECLARED_SELECTOR</key>
				<string>YES</string>
				<key>GCC_WARN_UNINITIALIZED_AUTOS</key>
				<string>YES_AGGRESSIVE</string>
				<key>GCC_WARN_UNUSED_FUNCTION</key>
				<string>YES</string>
				<key>GCC_WARN_UNUSED_VARIABLE</key>
				<string>YES</string>
				<key>IPHONEOS_DEPLOYMENT_TARGET</key>
				<string>9.3</string>
				<key>MTL_ENABLE_DEBUG_INFO</key>
				<string>YES</string>
				<key>ONLY_ACTIVE_ARCH</key>
				<string>YES</string>
				<key>SDKROOT</key>
				<string>iphoneos</string>
				<key>SWIFT_OPTIMIZATION_LEVEL</key>
				<string>-Onone</string>
				<key>TARGETED_DEVICE_FAMILY</key>
				<string>1,2</string>
			</dict>
			<key>isa</key>
			<string>XCBuildConfiguration</string>
			<key>name</key>
			<string>Debug</string>
		</dict>
		<key>E7CE05C21C6353FC00E8CCAB</key>
		<dict>
			<key>buildSettings</key>
			<dict>
				<key>ALWAYS_SEARCH_USER_PATHS</key>
				<string>NO</string>
				<key>CLANG_CXX_LANGUAGE_STANDARD</key>
				<string>gnu++0x</string>
				<key>CLANG_CXX_LIBRARY</key>
				<string>libc++</string>
				<key>CLANG_ENABLE_MODULES</key>
				<string>YES</string>
				<key>CLANG_ENABLE_OBJC_ARC</key>
				<string>YES</string>
				<key>CLANG_WARN_BOOL_CONVERSION</key>
				<string>YES</string>
				<key>CLANG_WARN_CONSTANT_CONVERSION</key>
				<string>YES</string>
				<key>CLANG_WARN_DIRECT_OBJC_ISA_USAGE</key>
				<string>YES_ERROR</string>
				<key>CLANG_WARN_EMPTY_BODY</key>
				<string>YES</string>
				<key>CLANG_WARN_ENUM_CONVERSION</key>
				<string>YES</string>
				<key>CLANG_WARN_INT_CONVERSION</key>
				<string>YES</string>
				<key>CLANG_WARN_OBJC_ROOT_CLASS</key>
				<string>YES_ERROR</string>
				<key>CLANG_WARN_UNREACHABLE_CODE</key>
				<string>YES</string>
				<key>CLANG_WARN__DUPLICATE_METHOD_MATCH</key>
				<string>YES</string>
				<key>CODE_SIGN_IDENTITY[sdk=iphoneos*]</key>
				<string>iPhone Developer</string>
				<key>COPY_PHASE_STRIP</key>
				<string>NO</string>
				<key>DEBUG_INFORMATION_FORMAT</key>
				<string>dwarf-with-dsym</string>
				<key>ENABLE_NS_ASSERTIONS</key>
				<string>NO</string>
				<key>ENABLE_STRICT_OBJC_MSGSEND</key>
				<string>YES</string>
				<key>GCC_C_LANGUAGE_STANDARD</key>
				<string>gnu99</string>
				<key>GCC_NO_COMMON_BLOCKS</key>
				<string>YES</string>
				<key>GCC_WARN_64_TO_32_BIT_CONVERSION</key>
				<string>YES</string>
				<key>GCC_WARN_ABOUT_RETURN_TYPE</key>
				<string>YES_ERROR</string>
				<key>GCC_WARN_UNDECLARED_SELECTOR</key>
				<string>YES</string>
				<key>GCC_WARN_UNINITIALIZED_AUTOS</key>
				<string>YES_AGGRESSIVE</string>
				<key>GCC_WARN_UNUSED_FUNCTION</key>
				<string>YES</string>
				<key>GCC_WARN_UNUSED_VARIABLE</key>
				<string>YES</string>
				<key>IPHONEOS_DEPLOYMENT_TARGET</key>
				<string>9.3</string>
				<key>MTL_ENABLE_DEBUG_INFO</key>
				<string>NO</string>
				<key>SDKROOT</key>
				<string>iphoneos</string>
				<key>TARGETED_DEVICE_FAMILY</key>
				<string>1,2</string>
				<key>VALIDATE_PRODUCT</key>
				<string>YES</string>
			</dict>
			<key>isa</key>
			<string>XCBuildConfiguration</string>
			<key>name</key>
			<string>Release</string>
		</dict>
		<key>E7CE05C31C6353FC00E8CCAB</key>
		<dict>
			<key>buildConfigurations</key>
			<array>
				<string>E7CE05C41C6353FC00E8CCAB</string>
				<string>E7CE05C51C6353FC00E8CCAB</string>
			</array>
			<key>defaultConfigurationIsVisible</key>
			<string>0</string>
			<key>defaultConfigurationName</key>
			<string>Release</string>
			<key>isa</key>
			<string>XCConfigurationList</string>
		</dict>
		<key>E7CE05C41C6353FC00E8CCAB</key>
		<dict>
			<key>baseConfigurationReference</key>
			<string>2FE2C69AB00E5178774391DD</string>
			<key>buildSettings</key>
			<dict>
				<key>ASSETCATALOG_COMPILER_APPICON_NAME</key>
				<string>AppIcon</string>
				<key>CODE_SIGN_IDENTITY</key>
				<string>iPhone Developer</string>
				<key>CODE_SIGN_IDENTITY[sdk=iphoneos*]</key>
				<string>iPhone Developer</string>
				<key>INFOPLIST_FILE</key>
				<string>WeCitizens/Info.plist</string>
				<key>LD_RUNPATH_SEARCH_PATHS</key>
				<string>$(inherited) @executable_path/Frameworks</string>
				<key>PRODUCT_BUNDLE_IDENTIFIER</key>
				<string>com.harold.WeCitizens</string>
				<key>PRODUCT_NAME</key>
				<string>$(TARGET_NAME)</string>
				<key>PROVISIONING_PROFILE</key>
				<string></string>
				<key>TARGETED_DEVICE_FAMILY</key>
				<string>1</string>
			</dict>
			<key>isa</key>
			<string>XCBuildConfiguration</string>
			<key>name</key>
			<string>Debug</string>
		</dict>
		<key>E7CE05C51C6353FC00E8CCAB</key>
		<dict>
			<key>baseConfigurationReference</key>
			<string>E7E39EEE319503EFFB1C29AE</string>
			<key>buildSettings</key>
			<dict>
				<key>ASSETCATALOG_COMPILER_APPICON_NAME</key>
				<string>AppIcon</string>
				<key>CODE_SIGN_IDENTITY</key>
				<string>iPhone Developer</string>
				<key>CODE_SIGN_IDENTITY[sdk=iphoneos*]</key>
				<string>iPhone Developer</string>
				<key>INFOPLIST_FILE</key>
				<string>WeCitizens/Info.plist</string>
				<key>LD_RUNPATH_SEARCH_PATHS</key>
				<string>$(inherited) @executable_path/Frameworks</string>
				<key>PRODUCT_BUNDLE_IDENTIFIER</key>
				<string>com.harold.WeCitizens</string>
				<key>PRODUCT_NAME</key>
				<string>$(TARGET_NAME)</string>
				<key>PROVISIONING_PROFILE</key>
				<string></string>
				<key>TARGETED_DEVICE_FAMILY</key>
				<string>1</string>
			</dict>
			<key>isa</key>
			<string>XCBuildConfiguration</string>
			<key>name</key>
			<string>Release</string>
		</dict>
		<key>E7CE05C61C6353FC00E8CCAB</key>
		<dict>
			<key>buildConfigurations</key>
			<array>
				<string>E7CE05C71C6353FC00E8CCAB</string>
				<string>E7CE05C81C6353FC00E8CCAB</string>
			</array>
			<key>defaultConfigurationIsVisible</key>
			<string>0</string>
			<key>defaultConfigurationName</key>
			<string>Release</string>
			<key>isa</key>
			<string>XCConfigurationList</string>
		</dict>
		<key>E7CE05C71C6353FC00E8CCAB</key>
		<dict>
			<key>baseConfigurationReference</key>
			<string>73E05D9DD10E28D075983F6B</string>
			<key>buildSettings</key>
			<dict>
				<key>BUNDLE_LOADER</key>
				<string>$(TEST_HOST)</string>
				<key>INFOPLIST_FILE</key>
				<string>WeCitizensTests/Info.plist</string>
				<key>LD_RUNPATH_SEARCH_PATHS</key>
				<string>$(inherited) @executable_path/Frameworks @loader_path/Frameworks</string>
				<key>PRODUCT_BUNDLE_IDENTIFIER</key>
				<string>com.HaroldLiu.WeCitizensTests</string>
				<key>PRODUCT_NAME</key>
				<string>$(TARGET_NAME)</string>
				<key>TEST_HOST</key>
				<string>$(BUILT_PRODUCTS_DIR)/WeCitizens.app/WeCitizens</string>
			</dict>
			<key>isa</key>
			<string>XCBuildConfiguration</string>
			<key>name</key>
			<string>Debug</string>
		</dict>
		<key>E7CE05C81C6353FC00E8CCAB</key>
		<dict>
			<key>baseConfigurationReference</key>
			<string>B2136F02434D4907023CD63D</string>
			<key>buildSettings</key>
			<dict>
				<key>BUNDLE_LOADER</key>
				<string>$(TEST_HOST)</string>
				<key>INFOPLIST_FILE</key>
				<string>WeCitizensTests/Info.plist</string>
				<key>LD_RUNPATH_SEARCH_PATHS</key>
				<string>$(inherited) @executable_path/Frameworks @loader_path/Frameworks</string>
				<key>PRODUCT_BUNDLE_IDENTIFIER</key>
				<string>com.HaroldLiu.WeCitizensTests</string>
				<key>PRODUCT_NAME</key>
				<string>$(TARGET_NAME)</string>
				<key>TEST_HOST</key>
				<string>$(BUILT_PRODUCTS_DIR)/WeCitizens.app/WeCitizens</string>
			</dict>
			<key>isa</key>
			<string>XCBuildConfiguration</string>
			<key>name</key>
			<string>Release</string>
		</dict>
		<key>E7CE05C91C6353FC00E8CCAB</key>
		<dict>
			<key>buildConfigurations</key>
			<array>
				<string>E7CE05CA1C6353FC00E8CCAB</string>
				<string>E7CE05CB1C6353FC00E8CCAB</string>
			</array>
			<key>defaultConfigurationIsVisible</key>
			<string>0</string>
			<key>defaultConfigurationName</key>
			<string>Release</string>
			<key>isa</key>
			<string>XCConfigurationList</string>
		</dict>
		<key>E7CE05CA1C6353FC00E8CCAB</key>
		<dict>
			<key>baseConfigurationReference</key>
			<string>6E9922060424804DAE31D738</string>
			<key>buildSettings</key>
			<dict>
				<key>INFOPLIST_FILE</key>
				<string>WeCitizensUITests/Info.plist</string>
				<key>LD_RUNPATH_SEARCH_PATHS</key>
				<string>$(inherited) @executable_path/Frameworks @loader_path/Frameworks</string>
				<key>PRODUCT_BUNDLE_IDENTIFIER</key>
				<string>com.HaroldLiu.WeCitizensUITests</string>
				<key>PRODUCT_NAME</key>
				<string>$(TARGET_NAME)</string>
				<key>TEST_TARGET_NAME</key>
				<string>WeCitizens</string>
				<key>USES_XCTRUNNER</key>
				<string>YES</string>
			</dict>
			<key>isa</key>
			<string>XCBuildConfiguration</string>
			<key>name</key>
			<string>Debug</string>
		</dict>
		<key>E7CE05CB1C6353FC00E8CCAB</key>
		<dict>
			<key>baseConfigurationReference</key>
			<string>C313B52192751771B8C86869</string>
			<key>buildSettings</key>
			<dict>
				<key>INFOPLIST_FILE</key>
				<string>WeCitizensUITests/Info.plist</string>
				<key>LD_RUNPATH_SEARCH_PATHS</key>
				<string>$(inherited) @executable_path/Frameworks @loader_path/Frameworks</string>
				<key>PRODUCT_BUNDLE_IDENTIFIER</key>
				<string>com.HaroldLiu.WeCitizensUITests</string>
				<key>PRODUCT_NAME</key>
				<string>$(TARGET_NAME)</string>
				<key>TEST_TARGET_NAME</key>
				<string>WeCitizens</string>
				<key>USES_XCTRUNNER</key>
				<string>YES</string>
			</dict>
			<key>isa</key>
			<string>XCBuildConfiguration</string>
			<key>name</key>
			<string>Release</string>
		</dict>
		<key>E7E39EEE319503EFFB1C29AE</key>
		<dict>
			<key>includeInIndex</key>
			<string>1</string>
			<key>isa</key>
			<string>PBXFileReference</string>
			<key>lastKnownFileType</key>
			<string>text.xcconfig</string>
			<key>name</key>
			<string>Pods-WeCitizens.release.xcconfig</string>
			<key>path</key>
			<string>Pods/Target Support Files/Pods-WeCitizens/Pods-WeCitizens.release.xcconfig</string>
			<key>sourceTree</key>
			<string>&lt;group&gt;</string>
		</dict>
		<key>E7E414371CB4FB3200A19F0B</key>
		<dict>
			<key>fileEncoding</key>
			<string>4</string>
			<key>isa</key>
			<string>PBXFileReference</string>
			<key>lastKnownFileType</key>
			<string>sourcecode.swift</string>
			<key>path</key>
			<string>MapViewController.swift</string>
			<key>sourceTree</key>
			<string>&lt;group&gt;</string>
		</dict>
		<key>E7E414381CB4FB3200A19F0B</key>
		<dict>
			<key>fileRef</key>
			<string>E7E414371CB4FB3200A19F0B</string>
			<key>isa</key>
			<string>PBXBuildFile</string>
		</dict>
		<key>E7E6F1211C6CAE2200EB1179</key>
		<dict>
			<key>fileEncoding</key>
			<string>4</string>
			<key>isa</key>
			<string>PBXFileReference</string>
			<key>lastKnownFileType</key>
			<string>sourcecode.swift</string>
			<key>path</key>
			<string>ProposeTableViewController.swift</string>
			<key>sourceTree</key>
			<string>&lt;group&gt;</string>
		</dict>
		<key>E7E6F1221C6CAE2200EB1179</key>
		<dict>
			<key>fileRef</key>
			<string>E7E6F1211C6CAE2200EB1179</string>
			<key>isa</key>
			<string>PBXBuildFile</string>
		</dict>
		<key>E7E6F1231C6CB11000EB1179</key>
		<dict>
			<key>fileEncoding</key>
			<string>4</string>
			<key>isa</key>
			<string>PBXFileReference</string>
			<key>lastKnownFileType</key>
			<string>sourcecode.swift</string>
			<key>path</key>
			<string>MainTabbarController.swift</string>
			<key>sourceTree</key>
			<string>&lt;group&gt;</string>
		</dict>
		<key>E7E6F1241C6CB11000EB1179</key>
		<dict>
			<key>fileRef</key>
			<string>E7E6F1231C6CB11000EB1179</string>
			<key>isa</key>
			<string>PBXBuildFile</string>
		</dict>
		<key>E7E6F1251C6CB48200EB1179</key>
		<dict>
			<key>fileEncoding</key>
			<string>4</string>
			<key>isa</key>
			<string>PBXFileReference</string>
			<key>lastKnownFileType</key>
			<string>sourcecode.swift</string>
			<key>path</key>
			<string>CommentTableViewCell.swift</string>
			<key>sourceTree</key>
			<string>&lt;group&gt;</string>
		</dict>
		<key>E7E6F1261C6CB48200EB1179</key>
		<dict>
			<key>fileRef</key>
			<string>E7E6F1251C6CB48200EB1179</string>
			<key>isa</key>
			<string>PBXBuildFile</string>
		</dict>
		<key>FBF526C1D00C76F1F15EE23F</key>
		<dict>
			<key>buildActionMask</key>
			<string>2147483647</string>
			<key>files</key>
			<array/>
			<key>inputPaths</key>
			<array/>
			<key>isa</key>
			<string>PBXShellScriptBuildPhase</string>
			<key>name</key>
			<string>Embed Pods Frameworks</string>
			<key>outputPaths</key>
			<array/>
			<key>runOnlyForDeploymentPostprocessing</key>
			<string>0</string>
			<key>shellPath</key>
			<string>/bin/sh</string>
			<key>shellScript</key>
			<string>"${SRCROOT}/Pods/Target Support Files/Pods-WeCitizensTests/Pods-WeCitizensTests-frameworks.sh"
</string>
			<key>showEnvVarsInLog</key>
			<string>0</string>
		</dict>
	</dict>
	<key>rootObject</key>
	<string>E7CE05931C6353FB00E8CCAB</string>
</dict>
</plist>
